// !$*UTF8*$!
{
	archiveVersion = 1;
	classes = {
	};
	objectVersion = 50;
	objects = {

/* Begin PBXBuildFile section */
		777B37732315921A0056FEAB /* ViewController.swift in Sources */ = {isa = PBXBuildFile; fileRef = 777B376E2315921A0056FEAB /* ViewController.swift */; };
		777B37742315921A0056FEAB /* AdjectivesViewController.swift in Sources */ = {isa = PBXBuildFile; fileRef = 777B376F2315921A0056FEAB /* AdjectivesViewController.swift */; };
		777B37752315921A0056FEAB /* NounsViewController.swift in Sources */ = {isa = PBXBuildFile; fileRef = 777B37702315921A0056FEAB /* NounsViewController.swift */; };
		777B37762315921A0056FEAB /* StoryViewController.swift in Sources */ = {isa = PBXBuildFile; fileRef = 777B37712315921A0056FEAB /* StoryViewController.swift */; };
		777B37772315921A0056FEAB /* VerbsViewController.swift in Sources */ = {isa = PBXBuildFile; fileRef = 777B37722315921A0056FEAB /* VerbsViewController.swift */; };
		777B377A231593710056FEAB /* Word.swift in Sources */ = {isa = PBXBuildFile; fileRef = 777B3779231593710056FEAB /* Word.swift */; };
		777B377D231593CA0056FEAB /* WordController.swift in Sources */ = {isa = PBXBuildFile; fileRef = 777B377C231593CA0056FEAB /* WordController.swift */; };
		A25993B723143E0500FE8BD2 /* AppDelegate.swift in Sources */ = {isa = PBXBuildFile; fileRef = A25993B623143E0500FE8BD2 /* AppDelegate.swift */; };
		A25993BC23143E0500FE8BD2 /* Main.storyboard in Resources */ = {isa = PBXBuildFile; fileRef = A25993BA23143E0500FE8BD2 /* Main.storyboard */; };
		A25993BE23143E0600FE8BD2 /* Assets.xcassets in Resources */ = {isa = PBXBuildFile; fileRef = A25993BD23143E0600FE8BD2 /* Assets.xcassets */; };
		A25993C123143E0600FE8BD2 /* LaunchScreen.storyboard in Resources */ = {isa = PBXBuildFile; fileRef = A25993BF23143E0600FE8BD2 /* LaunchScreen.storyboard */; };
/* End PBXBuildFile section */

/* Begin PBXFileReference section */
		777B376E2315921A0056FEAB /* ViewController.swift */ = {isa = PBXFileReference; fileEncoding = 4; lastKnownFileType = sourcecode.swift; path = ViewController.swift; sourceTree = "<group>"; };
		777B376F2315921A0056FEAB /* AdjectivesViewController.swift */ = {isa = PBXFileReference; fileEncoding = 4; lastKnownFileType = sourcecode.swift; path = AdjectivesViewController.swift; sourceTree = "<group>"; };
		777B37702315921A0056FEAB /* NounsViewController.swift */ = {isa = PBXFileReference; fileEncoding = 4; lastKnownFileType = sourcecode.swift; path = NounsViewController.swift; sourceTree = "<group>"; };
		777B37712315921A0056FEAB /* StoryViewController.swift */ = {isa = PBXFileReference; fileEncoding = 4; lastKnownFileType = sourcecode.swift; path = StoryViewController.swift; sourceTree = "<group>"; };
		777B37722315921A0056FEAB /* VerbsViewController.swift */ = {isa = PBXFileReference; fileEncoding = 4; lastKnownFileType = sourcecode.swift; path = VerbsViewController.swift; sourceTree = "<group>"; };
		777B3779231593710056FEAB /* Word.swift */ = {isa = PBXFileReference; lastKnownFileType = sourcecode.swift; path = Word.swift; sourceTree = "<group>"; };
		777B377C231593CA0056FEAB /* WordController.swift */ = {isa = PBXFileReference; lastKnownFileType = sourcecode.swift; path = WordController.swift; sourceTree = "<group>"; };
		A25993B323143E0500FE8BD2 /* BuildWeekDevLibs.app */ = {isa = PBXFileReference; explicitFileType = wrapper.application; includeInIndex = 0; path = BuildWeekDevLibs.app; sourceTree = BUILT_PRODUCTS_DIR; };
		A25993B623143E0500FE8BD2 /* AppDelegate.swift */ = {isa = PBXFileReference; lastKnownFileType = sourcecode.swift; path = AppDelegate.swift; sourceTree = "<group>"; };
		A25993BB23143E0500FE8BD2 /* Base */ = {isa = PBXFileReference; lastKnownFileType = file.storyboard; name = Base; path = Base.lproj/Main.storyboard; sourceTree = "<group>"; };
		A25993BD23143E0600FE8BD2 /* Assets.xcassets */ = {isa = PBXFileReference; lastKnownFileType = folder.assetcatalog; path = Assets.xcassets; sourceTree = "<group>"; };
		A25993C023143E0600FE8BD2 /* Base */ = {isa = PBXFileReference; lastKnownFileType = file.storyboard; name = Base; path = Base.lproj/LaunchScreen.storyboard; sourceTree = "<group>"; };
		A25993C223143E0600FE8BD2 /* Info.plist */ = {isa = PBXFileReference; lastKnownFileType = text.plist.xml; path = Info.plist; sourceTree = "<group>"; };
/* End PBXFileReference section */

/* Begin PBXFrameworksBuildPhase section */
		A25993B023143E0500FE8BD2 /* Frameworks */ = {
			isa = PBXFrameworksBuildPhase;
			buildActionMask = 2147483647;
			files = (
			);
			runOnlyForDeploymentPostprocessing = 0;
		};
/* End PBXFrameworksBuildPhase section */

/* Begin PBXGroup section */
		777B3778231593360056FEAB /* Models */ = {
			isa = PBXGroup;
			children = (
				777B3779231593710056FEAB /* Word.swift */,
			);
			path = Models;
			sourceTree = "<group>";
		};
		777B377B2315938F0056FEAB /* Model Controllers */ = {
			isa = PBXGroup;
			children = (
				777B377C231593CA0056FEAB /* WordController.swift */,
			);
			path = "Model Controllers";
			sourceTree = "<group>";
		};
		77DFEAD423144AA0004C1BD7 /* Resources */ = {
			isa = PBXGroup;
			children = (
				A25993B623143E0500FE8BD2 /* AppDelegate.swift */,
				A25993BD23143E0600FE8BD2 /* Assets.xcassets */,
				A25993C223143E0600FE8BD2 /* Info.plist */,
			);
			path = Resources;
			sourceTree = "<group>";
		};
		77DFEAD823144AD3004C1BD7 /* View Controllers */ = {
			isa = PBXGroup;
			children = (
				777B376E2315921A0056FEAB /* ViewController.swift */,
				777B37702315921A0056FEAB /* NounsViewController.swift */,
				777B37722315921A0056FEAB /* VerbsViewController.swift */,
				777B376F2315921A0056FEAB /* AdjectivesViewController.swift */,
				777B37712315921A0056FEAB /* StoryViewController.swift */,
			);
			path = "View Controllers";
			sourceTree = "<group>";
		};
		77DFEAD923144ADE004C1BD7 /* Storyboards */ = {
			isa = PBXGroup;
			children = (
				A25993BA23143E0500FE8BD2 /* Main.storyboard */,
				A25993BF23143E0600FE8BD2 /* LaunchScreen.storyboard */,
			);
			path = Storyboards;
			sourceTree = "<group>";
		};
		A25993AA23143E0500FE8BD2 = {
			isa = PBXGroup;
			children = (
				A25993B523143E0500FE8BD2 /* BuildWeekDevLibs */,
				A25993B423143E0500FE8BD2 /* Products */,
			);
			sourceTree = "<group>";
		};
		A25993B423143E0500FE8BD2 /* Products */ = {
			isa = PBXGroup;
			children = (
				A25993B323143E0500FE8BD2 /* BuildWeekDevLibs.app */,
			);
			name = Products;
			sourceTree = "<group>";
		};
		A25993B523143E0500FE8BD2 /* BuildWeekDevLibs */ = {
			isa = PBXGroup;
			children = (
				77DFEAD923144ADE004C1BD7 /* Storyboards */,
				77DFEAD823144AD3004C1BD7 /* View Controllers */,
				777B377B2315938F0056FEAB /* Model Controllers */,
				777B3778231593360056FEAB /* Models */,
				77DFEAD423144AA0004C1BD7 /* Resources */,
			);
			path = BuildWeekDevLibs;
			sourceTree = "<group>";
		};
/* End PBXGroup section */

/* Begin PBXNativeTarget section */
		A25993B223143E0500FE8BD2 /* BuildWeekDevLibs */ = {
			isa = PBXNativeTarget;
			buildConfigurationList = A25993C523143E0600FE8BD2 /* Build configuration list for PBXNativeTarget "BuildWeekDevLibs" */;
			buildPhases = (
				A25993AF23143E0500FE8BD2 /* Sources */,
				A25993B023143E0500FE8BD2 /* Frameworks */,
				A25993B123143E0500FE8BD2 /* Resources */,
			);
			buildRules = (
			);
			dependencies = (
			);
			name = BuildWeekDevLibs;
			productName = BuildWeekDevLibs;
			productReference = A25993B323143E0500FE8BD2 /* BuildWeekDevLibs.app */;
			productType = "com.apple.product-type.application";
		};
/* End PBXNativeTarget section */

/* Begin PBXProject section */
		A25993AB23143E0500FE8BD2 /* Project object */ = {
			isa = PBXProject;
			attributes = {
				LastSwiftUpdateCheck = 1030;
				LastUpgradeCheck = 1030;
				ORGANIZATIONNAME = "Alex Shillingford";
				TargetAttributes = {
					A25993B223143E0500FE8BD2 = {
						CreatedOnToolsVersion = 10.3;
					};
				};
			};
			buildConfigurationList = A25993AE23143E0500FE8BD2 /* Build configuration list for PBXProject "BuildWeekDevLibs" */;
			compatibilityVersion = "Xcode 9.3";
			developmentRegion = en;
			hasScannedForEncodings = 0;
			knownRegions = (
				en,
				Base,
			);
			mainGroup = A25993AA23143E0500FE8BD2;
			productRefGroup = A25993B423143E0500FE8BD2 /* Products */;
			projectDirPath = "";
			projectRoot = "";
			targets = (
				A25993B223143E0500FE8BD2 /* BuildWeekDevLibs */,
			);
		};
/* End PBXProject section */

/* Begin PBXResourcesBuildPhase section */
		A25993B123143E0500FE8BD2 /* Resources */ = {
			isa = PBXResourcesBuildPhase;
			buildActionMask = 2147483647;
			files = (
				A25993C123143E0600FE8BD2 /* LaunchScreen.storyboard in Resources */,
				A25993BE23143E0600FE8BD2 /* Assets.xcassets in Resources */,
				A25993BC23143E0500FE8BD2 /* Main.storyboard in Resources */,
			);
			runOnlyForDeploymentPostprocessing = 0;
		};
/* End PBXResourcesBuildPhase section */

/* Begin PBXSourcesBuildPhase section */
		A25993AF23143E0500FE8BD2 /* Sources */ = {
			isa = PBXSourcesBuildPhase;
			buildActionMask = 2147483647;
			files = (
				777B377A231593710056FEAB /* Word.swift in Sources */,
				777B37752315921A0056FEAB /* NounsViewController.swift in Sources */,
				A25993B723143E0500FE8BD2 /* AppDelegate.swift in Sources */,
				777B377D231593CA0056FEAB /* WordController.swift in Sources */,
				777B37772315921A0056FEAB /* VerbsViewController.swift in Sources */,
				777B37732315921A0056FEAB /* ViewController.swift in Sources */,
				777B37762315921A0056FEAB /* StoryViewController.swift in Sources */,
				777B37742315921A0056FEAB /* AdjectivesViewController.swift in Sources */,
			);
			runOnlyForDeploymentPostprocessing = 0;
		};
/* End PBXSourcesBuildPhase section */

/* Begin PBXVariantGroup section */
		A25993BA23143E0500FE8BD2 /* Main.storyboard */ = {
			isa = PBXVariantGroup;
			children = (
				A25993BB23143E0500FE8BD2 /* Base */,
			);
			name = Main.storyboard;
			sourceTree = "<group>";
		};
		A25993BF23143E0600FE8BD2 /* LaunchScreen.storyboard */ = {
			isa = PBXVariantGroup;
			children = (
				A25993C023143E0600FE8BD2 /* Base */,
			);
			name = LaunchScreen.storyboard;
			sourceTree = "<group>";
		};
/* End PBXVariantGroup section */

/* Begin XCBuildConfiguration section */
		A25993C323143E0600FE8BD2 /* Debug */ = {
			isa = XCBuildConfiguration;
			buildSettings = {
				ALWAYS_SEARCH_USER_PATHS = NO;
				CLANG_ANALYZER_NONNULL = YES;
				CLANG_ANALYZER_NUMBER_OBJECT_CONVERSION = YES_AGGRESSIVE;
				CLANG_CXX_LANGUAGE_STANDARD = "gnu++14";
				CLANG_CXX_LIBRARY = "libc++";
				CLANG_ENABLE_MODULES = YES;
				CLANG_ENABLE_OBJC_ARC = YES;
				CLANG_ENABLE_OBJC_WEAK = YES;
				CLANG_WARN_BLOCK_CAPTURE_AUTORELEASING = YES;
				CLANG_WARN_BOOL_CONVERSION = YES;
				CLANG_WARN_COMMA = YES;
				CLANG_WARN_CONSTANT_CONVERSION = YES;
				CLANG_WARN_DEPRECATED_OBJC_IMPLEMENTATIONS = YES;
				CLANG_WARN_DIRECT_OBJC_ISA_USAGE = YES_ERROR;
				CLANG_WARN_DOCUMENTATION_COMMENTS = YES;
				CLANG_WARN_EMPTY_BODY = YES;
				CLANG_WARN_ENUM_CONVERSION = YES;
				CLANG_WARN_INFINITE_RECURSION = YES;
				CLANG_WARN_INT_CONVERSION = YES;
				CLANG_WARN_NON_LITERAL_NULL_CONVERSION = YES;
				CLANG_WARN_OBJC_IMPLICIT_RETAIN_SELF = YES;
				CLANG_WARN_OBJC_LITERAL_CONVERSION = YES;
				CLANG_WARN_OBJC_ROOT_CLASS = YES_ERROR;
				CLANG_WARN_RANGE_LOOP_ANALYSIS = YES;
				CLANG_WARN_STRICT_PROTOTYPES = YES;
				CLANG_WARN_SUSPICIOUS_MOVE = YES;
				CLANG_WARN_UNGUARDED_AVAILABILITY = YES_AGGRESSIVE;
				CLANG_WARN_UNREACHABLE_CODE = YES;
				CLANG_WARN__DUPLICATE_METHOD_MATCH = YES;
				CODE_SIGN_IDENTITY = "iPhone Developer";
				COPY_PHASE_STRIP = NO;
				DEBUG_INFORMATION_FORMAT = dwarf;
				ENABLE_STRICT_OBJC_MSGSEND = YES;
				ENABLE_TESTABILITY = YES;
				GCC_C_LANGUAGE_STANDARD = gnu11;
				GCC_DYNAMIC_NO_PIC = NO;
				GCC_NO_COMMON_BLOCKS = YES;
				GCC_OPTIMIZATION_LEVEL = 0;
				GCC_PREPROCESSOR_DEFINITIONS = (
					"DEBUG=1",
					"$(inherited)",
				);
				GCC_WARN_64_TO_32_BIT_CONVERSION = YES;
				GCC_WARN_ABOUT_RETURN_TYPE = YES_ERROR;
				GCC_WARN_UNDECLARED_SELECTOR = YES;
				GCC_WARN_UNINITIALIZED_AUTOS = YES_AGGRESSIVE;
				GCC_WARN_UNUSED_FUNCTION = YES;
				GCC_WARN_UNUSED_VARIABLE = YES;
				IPHONEOS_DEPLOYMENT_TARGET = 12.4;
				MTL_ENABLE_DEBUG_INFO = INCLUDE_SOURCE;
				MTL_FAST_MATH = YES;
				ONLY_ACTIVE_ARCH = YES;
				SDKROOT = iphoneos;
				SWIFT_ACTIVE_COMPILATION_CONDITIONS = DEBUG;
				SWIFT_OPTIMIZATION_LEVEL = "-Onone";
			};
			name = Debug;
		};
		A25993C423143E0600FE8BD2 /* Release */ = {
			isa = XCBuildConfiguration;
			buildSettings = {
				ALWAYS_SEARCH_USER_PATHS = NO;
				CLANG_ANALYZER_NONNULL = YES;
				CLANG_ANALYZER_NUMBER_OBJECT_CONVERSION = YES_AGGRESSIVE;
				CLANG_CXX_LANGUAGE_STANDARD = "gnu++14";
				CLANG_CXX_LIBRARY = "libc++";
				CLANG_ENABLE_MODULES = YES;
				CLANG_ENABLE_OBJC_ARC = YES;
				CLANG_ENABLE_OBJC_WEAK = YES;
				CLANG_WARN_BLOCK_CAPTURE_AUTORELEASING = YES;
				CLANG_WARN_BOOL_CONVERSION = YES;
				CLANG_WARN_COMMA = YES;
				CLANG_WARN_CONSTANT_CONVERSION = YES;
				CLANG_WARN_DEPRECATED_OBJC_IMPLEMENTATIONS = YES;
				CLANG_WARN_DIRECT_OBJC_ISA_USAGE = YES_ERROR;
				CLANG_WARN_DOCUMENTATION_COMMENTS = YES;
				CLANG_WARN_EMPTY_BODY = YES;
				CLANG_WARN_ENUM_CONVERSION = YES;
				CLANG_WARN_INFINITE_RECURSION = YES;
				CLANG_WARN_INT_CONVERSION = YES;
				CLANG_WARN_NON_LITERAL_NULL_CONVERSION = YES;
				CLANG_WARN_OBJC_IMPLICIT_RETAIN_SELF = YES;
				CLANG_WARN_OBJC_LITERAL_CONVERSION = YES;
				CLANG_WARN_OBJC_ROOT_CLASS = YES_ERROR;
				CLANG_WARN_RANGE_LOOP_ANALYSIS = YES;
				CLANG_WARN_STRICT_PROTOTYPES = YES;
				CLANG_WARN_SUSPICIOUS_MOVE = YES;
				CLANG_WARN_UNGUARDED_AVAILABILITY = YES_AGGRESSIVE;
				CLANG_WARN_UNREACHABLE_CODE = YES;
				CLANG_WARN__DUPLICATE_METHOD_MATCH = YES;
				CODE_SIGN_IDENTITY = "iPhone Developer";
				COPY_PHASE_STRIP = NO;
				DEBUG_INFORMATION_FORMAT = "dwarf-with-dsym";
				ENABLE_NS_ASSERTIONS = NO;
				ENABLE_STRICT_OBJC_MSGSEND = YES;
				GCC_C_LANGUAGE_STANDARD = gnu11;
				GCC_NO_COMMON_BLOCKS = YES;
				GCC_WARN_64_TO_32_BIT_CONVERSION = YES;
				GCC_WARN_ABOUT_RETURN_TYPE = YES_ERROR;
				GCC_WARN_UNDECLARED_SELECTOR = YES;
				GCC_WARN_UNINITIALIZED_AUTOS = YES_AGGRESSIVE;
				GCC_WARN_UNUSED_FUNCTION = YES;
				GCC_WARN_UNUSED_VARIABLE = YES;
				IPHONEOS_DEPLOYMENT_TARGET = 12.4;
				MTL_ENABLE_DEBUG_INFO = NO;
				MTL_FAST_MATH = YES;
				SDKROOT = iphoneos;
				SWIFT_COMPILATION_MODE = wholemodule;
				SWIFT_OPTIMIZATION_LEVEL = "-O";
				VALIDATE_PRODUCT = YES;
			};
			name = Release;
		};
		A25993C623143E0600FE8BD2 /* Debug */ = {
			isa = XCBuildConfiguration;
			buildSettings = {
				ASSETCATALOG_COMPILER_APPICON_NAME = AppIcon;
				CODE_SIGN_STYLE = Automatic;
				DEVELOPMENT_TEAM = 63GJL7X8L2;
				INFOPLIST_FILE = "$(SRCROOT)/BuildWeekDevLibs/Resources/Info.plist";
				LD_RUNPATH_SEARCH_PATHS = (
					"$(inherited)",
					"@executable_path/Frameworks",
				);
				PRODUCT_BUNDLE_IDENTIFIER = com.shillwil.BuildWeekDevLibs;
				PRODUCT_NAME = "$(TARGET_NAME)";
				SWIFT_VERSION = 5.0;
				TARGETED_DEVICE_FAMILY = "1,2";
			};
			name = Debug;
		};
		A25993C723143E0600FE8BD2 /* Release */ = {
			isa = XCBuildConfiguration;
			buildSettings = {
				ASSETCATALOG_COMPILER_APPICON_NAME = AppIcon;
				CODE_SIGN_STYLE = Automatic;
				DEVELOPMENT_TEAM = 63GJL7X8L2;
				INFOPLIST_FILE = "$(SRCROOT)/BuildWeekDevLibs/Resources/Info.plist";
				LD_RUNPATH_SEARCH_PATHS = (
					"$(inherited)",
					"@executable_path/Frameworks",
				);
				PRODUCT_BUNDLE_IDENTIFIER = com.shillwil.BuildWeekDevLibs;
				PRODUCT_NAME = "$(TARGET_NAME)";
				SWIFT_VERSION = 5.0;
				TARGETED_DEVICE_FAMILY = "1,2";
			};
			name = Release;
		};
/* End XCBuildConfiguration section */

/* Begin XCConfigurationList section */
		A25993AE23143E0500FE8BD2 /* Build configuration list for PBXProject "BuildWeekDevLibs" */ = {
			isa = XCConfigurationList;
			buildConfigurations = (
				A25993C323143E0600FE8BD2 /* Debug */,
				A25993C423143E0600FE8BD2 /* Release */,
			);
			defaultConfigurationIsVisible = 0;
			defaultConfigurationName = Release;
		};
		A25993C523143E0600FE8BD2 /* Build configuration list for PBXNativeTarget "BuildWeekDevLibs" */ = {
			isa = XCConfigurationList;
			buildConfigurations = (
				A25993C623143E0600FE8BD2 /* Debug */,
				A25993C723143E0600FE8BD2 /* Release */,
			);
			defaultConfigurationIsVisible = 0;
			defaultConfigurationName = Release;
		};
/* End XCConfigurationList section */
	};
	rootObject = A25993AB23143E0500FE8BD2 /* Project object */;
}
